
Microsoft Visual Studio Solution File, Format Version 12.00
# Visual Studio Version 17
VisualStudioVersion = 17.14.36408.4
MinimumVisualStudioVersion = 10.0.40219.1
Project("{FAE04EC0-301F-11D3-BF4B-00C04F79EFBC}") = "BTL_WebProgramming", "BTL_WebProgramming\BTL_WebProgramming.csproj", "{F2766119-A771-4A59-A3C7-40A68F438260}"
EndProject
Global
	GlobalSection(SolutionConfigurationPlatforms) = preSolution
		Debug|Any CPU = Debug|Any CPU
		Release|Any CPU = Release|Any CPU
	EndGlobalSection
	GlobalSection(ProjectConfigurationPlatforms) = postSolution
		{F2766119-A771-4A59-A3C7-40A68F438260}.Debug|Any CPU.ActiveCfg = Debug|Any CPU
		{F2766119-A771-4A59-A3C7-40A68F438260}.Debug|Any CPU.Build.0 = Debug|Any CPU
		{F2766119-A771-4A59-A3C7-40A68F438260}.Release|Any CPU.ActiveCfg = Release|Any CPU
		{F2766119-A771-4A59-A3C7-40A68F438260}.Release|Any CPU.Build.0 = Release|Any CPU
	EndGlobalSection
	GlobalSection(SolutionProperties) = preSolution
		HideSolutionNode = FALSE
	EndGlobalSection
	GlobalSection(ExtensibilityGlobals) = postSolution
		SolutionGuid = {1E41368C-3B93-4464-9866-F9C22E1914D6}
	EndGlobalSection
EndGlobal
